
Microsoft Visual Studio Solution File, Format Version 12.00
# Visual Studio 15
VisualStudioVersion = 15.0.28307.1800
MinimumVisualStudioVersion = 10.0.40219.1
Project("{8BC9CEB8-8B4A-11D0-8D11-00A0C91BC942}") = "winmm", "winmm.vcxproj", "{BB9485D2-3314-4DC3-80C5-496708361249}"
EndProject
Global
	GlobalSection(SolutionConfigurationPlatforms) = preSolution
		Debug|x64 = Debug|x64
		Debug|x86 = Debug|x86
		Release|x64 = Release|x64
		Release|x86 = Release|x86
	EndGlobalSection
	GlobalSection(ProjectConfigurationPlatforms) = postSolution
		{BB9485D2-3314-4DC3-80C5-496708361249}.Debug|x64.ActiveCfg = Debug|x64
		{BB9485D2-3314-4DC3-80C5-496708361249}.Debug|x64.Build.0 = Debug|x64
		{BB9485D2-3314-4DC3-80C5-496708361249}.Debug|x86.ActiveCfg = Debug|Win32
		{BB9485D2-3314-4DC3-80C5-496708361249}.Debug|x86.Build.0 = Debug|Win32
		{BB9485D2-3314-4DC3-80C5-496708361249}.Release|x64.ActiveCfg = Release|x64
		{BB9485D2-3314-4DC3-80C5-496708361249}.Release|x64.Build.0 = Release|x64
		{BB9485D2-3314-4DC3-80C5-496708361249}.Release|x86.ActiveCfg = Release|Win32
		{BB9485D2-3314-4DC3-80C5-496708361249}.Release|x86.Build.0 = Release|Win32
	EndGlobalSection
	GlobalSection(SolutionProperties) = preSolution
		HideSolutionNode = FALSE
	EndGlobalSection
	GlobalSection(ExtensibilityGlobals) = postSolution
		SolutionGuid = {6664CB9C-3CCD-4E55-819E-59A04F586863}
	EndGlobalSection
EndGlobal
